
Microsoft Visual Studio Solution File, Format Version 12.00
# Visual Studio Version 17
VisualStudioVersion = 17.7.34003.232
MinimumVisualStudioVersion = 10.0.40219.1
Project("{FAE04EC0-301F-11D3-BF4B-00C04F79EFBC}") = "Dinotrack.Shared", "Dinotrack.Shared\Dinotrack.Shared.csproj", "{3FCADB6E-DCA7-4F1E-9C3F-EF5869031C44}"
EndProject
Project("{FAE04EC0-301F-11D3-BF4B-00C04F79EFBC}") = "Dinotrack.Backend", "Dinotrack.Backend\Dinotrack.Backend.csproj", "{9CEFD58C-1B1D-4229-95C3-11085E041DE6}"
EndProject
Project("{FAE04EC0-301F-11D3-BF4B-00C04F79EFBC}") = "Dinotrack.Frontend", "Dinotrack.Frontend\Dinotrack.Frontend.csproj", "{5D3B7DAE-7498-4FBD-8EC7-8C69AC48318C}"
EndProject
Global
	GlobalSection(SolutionConfigurationPlatforms) = preSolution
		Debug|Any CPU = Debug|Any CPU
		Release|Any CPU = Release|Any CPU
	EndGlobalSection
	GlobalSection(ProjectConfigurationPlatforms) = postSolution
		{3FCADB6E-DCA7-4F1E-9C3F-EF5869031C44}.Debug|Any CPU.ActiveCfg = Debug|Any CPU
		{3FCADB6E-DCA7-4F1E-9C3F-EF5869031C44}.Debug|Any CPU.Build.0 = Debug|Any CPU
		{3FCADB6E-DCA7-4F1E-9C3F-EF5869031C44}.Release|Any CPU.ActiveCfg = Release|Any CPU
		{3FCADB6E-DCA7-4F1E-9C3F-EF5869031C44}.Release|Any CPU.Build.0 = Release|Any CPU
		{9CEFD58C-1B1D-4229-95C3-11085E041DE6}.Debug|Any CPU.ActiveCfg = Debug|Any CPU
		{9CEFD58C-1B1D-4229-95C3-11085E041DE6}.Debug|Any CPU.Build.0 = Debug|Any CPU
		{9CEFD58C-1B1D-4229-95C3-11085E041DE6}.Release|Any CPU.ActiveCfg = Release|Any CPU
		{9CEFD58C-1B1D-4229-95C3-11085E041DE6}.Release|Any CPU.Build.0 = Release|Any CPU
		{5D3B7DAE-7498-4FBD-8EC7-8C69AC48318C}.Debug|Any CPU.ActiveCfg = Debug|Any CPU
		{5D3B7DAE-7498-4FBD-8EC7-8C69AC48318C}.Debug|Any CPU.Build.0 = Debug|Any CPU
		{5D3B7DAE-7498-4FBD-8EC7-8C69AC48318C}.Release|Any CPU.ActiveCfg = Release|Any CPU
		{5D3B7DAE-7498-4FBD-8EC7-8C69AC48318C}.Release|Any CPU.Build.0 = Release|Any CPU
	EndGlobalSection
	GlobalSection(SolutionProperties) = preSolution
		HideSolutionNode = FALSE
	EndGlobalSection
	GlobalSection(ExtensibilityGlobals) = postSolution
		SolutionGuid = {EAD78F11-BF81-45DD-8091-B09796680AE7}
	EndGlobalSection
EndGlobal
