
Microsoft Visual Studio Solution File, Format Version 12.00
# Visual Studio Version 17
VisualStudioVersion = 17.7.34003.232
MinimumVisualStudioVersion = 10.0.40219.1
Project("{9A19103F-16F7-4668-BE54-9A1E7A4F7556}") = "Dinotrack.Shared", "Dinotrack.Shared\Dinotrack.Shared.csproj", "{3FCADB6E-DCA7-4F1E-9C3F-EF5869031C44}"
EndProject
Project("{9A19103F-16F7-4668-BE54-9A1E7A4F7556}") = "Dinotrack.Backend", "Dinotrack.Backend\Dinotrack.Backend.csproj", "{9CEFD58C-1B1D-4229-95C3-11085E041DE6}"
EndProject
Project("{9A19103F-16F7-4668-BE54-9A1E7A4F7556}") = "Dinotrack.Frontend", "Dinotrack.Frontend\Dinotrack.Frontend.csproj", "{62108D19-BA10-4C88-97B6-CC45BB669F2E}"
EndProject
Project("{2150E333-8FDC-42A3-9474-1A3956D46DE8}") = "Solution Items", "Solution Items", "{6984398E-5619-4A01-9153-7ED1AD44E0CA}"
	ProjectSection(SolutionItems) = preProject
		.editorconfig = .editorconfig
	EndProjectSection
EndProject
Global
	GlobalSection(SolutionConfigurationPlatforms) = preSolution
		Debug|Any CPU = Debug|Any CPU
		Release|Any CPU = Release|Any CPU
	EndGlobalSection
	GlobalSection(ProjectConfigurationPlatforms) = postSolution
		{3FCADB6E-DCA7-4F1E-9C3F-EF5869031C44}.Debug|Any CPU.ActiveCfg = Debug|Any CPU
		{3FCADB6E-DCA7-4F1E-9C3F-EF5869031C44}.Debug|Any CPU.Build.0 = Debug|Any CPU
		{3FCADB6E-DCA7-4F1E-9C3F-EF5869031C44}.Release|Any CPU.ActiveCfg = Release|Any CPU
		{3FCADB6E-DCA7-4F1E-9C3F-EF5869031C44}.Release|Any CPU.Build.0 = Release|Any CPU
		{9CEFD58C-1B1D-4229-95C3-11085E041DE6}.Debug|Any CPU.ActiveCfg = Debug|Any CPU
		{9CEFD58C-1B1D-4229-95C3-11085E041DE6}.Debug|Any CPU.Build.0 = Debug|Any CPU
		{9CEFD58C-1B1D-4229-95C3-11085E041DE6}.Release|Any CPU.ActiveCfg = Release|Any CPU
		{9CEFD58C-1B1D-4229-95C3-11085E041DE6}.Release|Any CPU.Build.0 = Release|Any CPU
		{62108D19-BA10-4C88-97B6-CC45BB669F2E}.Debug|Any CPU.ActiveCfg = Debug|Any CPU
		{62108D19-BA10-4C88-97B6-CC45BB669F2E}.Debug|Any CPU.Build.0 = Debug|Any CPU
		{62108D19-BA10-4C88-97B6-CC45BB669F2E}.Release|Any CPU.ActiveCfg = Release|Any CPU
		{62108D19-BA10-4C88-97B6-CC45BB669F2E}.Release|Any CPU.Build.0 = Release|Any CPU
	EndGlobalSection
	GlobalSection(SolutionProperties) = preSolution
		HideSolutionNode = FALSE
	EndGlobalSection
	GlobalSection(ExtensibilityGlobals) = postSolution
		SolutionGuid = {EAD78F11-BF81-45DD-8091-B09796680AE7}
	EndGlobalSection
EndGlobal
